
Microsoft Visual Studio Solution File, Format Version 12.00
# Visual Studio Version 16
VisualStudioVersion = 16.0.29123.88
MinimumVisualStudioVersion = 10.0.40219.1
Project("{FAE04EC0-301F-11D3-BF4B-00C04F79EFBC}") = "romano.midterm2", "romano.midterm2.csproj", "{B16CBB7E-3677-47DB-8D59-78BD8F592E63}"
EndProject
Global
	GlobalSection(SolutionConfigurationPlatforms) = preSolution
		Debug|Any CPU = Debug|Any CPU
		Release|Any CPU = Release|Any CPU
	EndGlobalSection
	GlobalSection(ProjectConfigurationPlatforms) = postSolution
		{B16CBB7E-3677-47DB-8D59-78BD8F592E63}.Debug|Any CPU.ActiveCfg = Debug|Any CPU
		{B16CBB7E-3677-47DB-8D59-78BD8F592E63}.Debug|Any CPU.Build.0 = Debug|Any CPU
		{B16CBB7E-3677-47DB-8D59-78BD8F592E63}.Release|Any CPU.ActiveCfg = Release|Any CPU
		{B16CBB7E-3677-47DB-8D59-78BD8F592E63}.Release|Any CPU.Build.0 = Release|Any CPU
	EndGlobalSection
	GlobalSection(SolutionProperties) = preSolution
		HideSolutionNode = FALSE
	EndGlobalSection
	GlobalSection(ExtensibilityGlobals) = postSolution
		SolutionGuid = {880E87E0-31CB-4877-8C2D-FD8C5D830A14}
	EndGlobalSection
EndGlobal
